
Microsoft Visual Studio Solution File, Format Version 12.00
# Visual Studio Version 16
VisualStudioVersion = 16.0.30907.101
MinimumVisualStudioVersion = 10.0.40219.1
Project("{FAE04EC0-301F-11D3-BF4B-00C04F79EFBC}") = "UI", "UI\UI.csproj", "{CDB635FA-5C6B-4E9F-B3EF-8BB0DE9E5C45}"
EndProject
Project("{9A19103F-16F7-4668-BE54-9A1E7A4F7556}") = "DAL", "DAL\DAL.csproj", "{6FDEA9A8-69E5-4D56-B4F8-3A577FAB3A95}"
EndProject
Project("{9A19103F-16F7-4668-BE54-9A1E7A4F7556}") = "BLL", "BLL\BLL.csproj", "{6AC17228-D332-480F-A94A-4F6CF63F35DC}"
EndProject
Project("{FAE04EC0-301F-11D3-BF4B-00C04F79EFBC}") = "UTILS", "UTILS\UTILS.csproj", "{36E6A21F-BCA3-43F7-BDBF-422723439E02}"
EndProject
Global
	GlobalSection(SolutionConfigurationPlatforms) = preSolution
		Debug|Any CPU = Debug|Any CPU
		Release|Any CPU = Release|Any CPU
	EndGlobalSection
	GlobalSection(ProjectConfigurationPlatforms) = postSolution
		{CDB635FA-5C6B-4E9F-B3EF-8BB0DE9E5C45}.Debug|Any CPU.ActiveCfg = Debug|Any CPU
		{CDB635FA-5C6B-4E9F-B3EF-8BB0DE9E5C45}.Debug|Any CPU.Build.0 = Debug|Any CPU
		{CDB635FA-5C6B-4E9F-B3EF-8BB0DE9E5C45}.Release|Any CPU.ActiveCfg = Release|Any CPU
		{CDB635FA-5C6B-4E9F-B3EF-8BB0DE9E5C45}.Release|Any CPU.Build.0 = Release|Any CPU
		{6FDEA9A8-69E5-4D56-B4F8-3A577FAB3A95}.Debug|Any CPU.ActiveCfg = Debug|Any CPU
		{6FDEA9A8-69E5-4D56-B4F8-3A577FAB3A95}.Debug|Any CPU.Build.0 = Debug|Any CPU
		{6FDEA9A8-69E5-4D56-B4F8-3A577FAB3A95}.Release|Any CPU.ActiveCfg = Release|Any CPU
		{6FDEA9A8-69E5-4D56-B4F8-3A577FAB3A95}.Release|Any CPU.Build.0 = Release|Any CPU
		{6AC17228-D332-480F-A94A-4F6CF63F35DC}.Debug|Any CPU.ActiveCfg = Debug|Any CPU
		{6AC17228-D332-480F-A94A-4F6CF63F35DC}.Debug|Any CPU.Build.0 = Debug|Any CPU
		{6AC17228-D332-480F-A94A-4F6CF63F35DC}.Release|Any CPU.ActiveCfg = Release|Any CPU
		{6AC17228-D332-480F-A94A-4F6CF63F35DC}.Release|Any CPU.Build.0 = Release|Any CPU
		{36E6A21F-BCA3-43F7-BDBF-422723439E02}.Debug|Any CPU.ActiveCfg = Debug|Any CPU
		{36E6A21F-BCA3-43F7-BDBF-422723439E02}.Debug|Any CPU.Build.0 = Debug|Any CPU
		{36E6A21F-BCA3-43F7-BDBF-422723439E02}.Release|Any CPU.ActiveCfg = Release|Any CPU
		{36E6A21F-BCA3-43F7-BDBF-422723439E02}.Release|Any CPU.Build.0 = Release|Any CPU
	EndGlobalSection
	GlobalSection(SolutionProperties) = preSolution
		HideSolutionNode = FALSE
	EndGlobalSection
	GlobalSection(ExtensibilityGlobals) = postSolution
		SolutionGuid = {14DB768E-22A2-4403-AAE5-8FA4DF94BA54}
	EndGlobalSection
EndGlobal
